{
  "name": "School",
  "lockfileVersion": 3,
  "requires": true,
  "packages": {
    "": {
      "dependencies": {
        "cytoscape": "^3.33.2"
      }
    },
    "node_modules/cytoscape": {
      "version": "3.33.2",
      "resolved": "https://registry.npmjs.org/cytoscape/-/cytoscape-3.33.2.tgz",
      "integrity": "sha512-sj4HXd3DokGhzZAdjDejGvTPLqlt84vNFN8m7bGsOzDY5DyVcxIb2ejIXat2Iy7HxWhdT/N1oKyheJ5YdpsGuw==",
      "license": "MIT",
      "engines": {
        "node": ">=0.10"
      }
    }
  }
}
